
Microsoft Visual Studio Solution File, Format Version 12.00
# Visual Studio Version 17
VisualStudioVersion = 17.0.31903.59
MinimumVisualStudioVersion = 10.0.40219.1
Project("{2150E333-8FDC-42A3-9474-1A3956D46DE8}") = "src", "src", "{827E0CD3-B72D-47B6-A68D-7590B98EB39B}"
EndProject
Project("{FAE04EC0-301F-11D3-BF4B-00C04F79EFBC}") = "CoreSim", "src\CoreSim\CoreSim.csproj", "{FD925697-53B2-4616-ABDF-CF462420F630}"
EndProject
Project("{FAE04EC0-301F-11D3-BF4B-00C04F79EFBC}") = "Sandbox", "src\Sandbox\Sandbox.csproj", "{B941520C-1A6B-4EEC-9D1A-3C332A18F19F}"
EndProject
Global
	GlobalSection(SolutionConfigurationPlatforms) = preSolution
		Debug|Any CPU = Debug|Any CPU
		Debug|x64 = Debug|x64
		Debug|x86 = Debug|x86
		Release|Any CPU = Release|Any CPU
		Release|x64 = Release|x64
		Release|x86 = Release|x86
	EndGlobalSection
	GlobalSection(ProjectConfigurationPlatforms) = postSolution
		{FD925697-53B2-4616-ABDF-CF462420F630}.Debug|Any CPU.ActiveCfg = Debug|Any CPU
		{FD925697-53B2-4616-ABDF-CF462420F630}.Debug|Any CPU.Build.0 = Debug|Any CPU
		{FD925697-53B2-4616-ABDF-CF462420F630}.Debug|x64.ActiveCfg = Debug|Any CPU
		{FD925697-53B2-4616-ABDF-CF462420F630}.Debug|x64.Build.0 = Debug|Any CPU
		{FD925697-53B2-4616-ABDF-CF462420F630}.Debug|x86.ActiveCfg = Debug|Any CPU
		{FD925697-53B2-4616-ABDF-CF462420F630}.Debug|x86.Build.0 = Debug|Any CPU
		{FD925697-53B2-4616-ABDF-CF462420F630}.Release|Any CPU.ActiveCfg = Release|Any CPU
		{FD925697-53B2-4616-ABDF-CF462420F630}.Release|Any CPU.Build.0 = Release|Any CPU
		{FD925697-53B2-4616-ABDF-CF462420F630}.Release|x64.ActiveCfg = Release|Any CPU
		{FD925697-53B2-4616-ABDF-CF462420F630}.Release|x64.Build.0 = Release|Any CPU
		{FD925697-53B2-4616-ABDF-CF462420F630}.Release|x86.ActiveCfg = Release|Any CPU
		{FD925697-53B2-4616-ABDF-CF462420F630}.Release|x86.Build.0 = Release|Any CPU
		{B941520C-1A6B-4EEC-9D1A-3C332A18F19F}.Debug|Any CPU.ActiveCfg = Debug|Any CPU
		{B941520C-1A6B-4EEC-9D1A-3C332A18F19F}.Debug|Any CPU.Build.0 = Debug|Any CPU
		{B941520C-1A6B-4EEC-9D1A-3C332A18F19F}.Debug|x64.ActiveCfg = Debug|Any CPU
		{B941520C-1A6B-4EEC-9D1A-3C332A18F19F}.Debug|x64.Build.0 = Debug|Any CPU
		{B941520C-1A6B-4EEC-9D1A-3C332A18F19F}.Debug|x86.ActiveCfg = Debug|Any CPU
		{B941520C-1A6B-4EEC-9D1A-3C332A18F19F}.Debug|x86.Build.0 = Debug|Any CPU
		{B941520C-1A6B-4EEC-9D1A-3C332A18F19F}.Release|Any CPU.ActiveCfg = Release|Any CPU
		{B941520C-1A6B-4EEC-9D1A-3C332A18F19F}.Release|Any CPU.Build.0 = Release|Any CPU
		{B941520C-1A6B-4EEC-9D1A-3C332A18F19F}.Release|x64.ActiveCfg = Release|Any CPU
		{B941520C-1A6B-4EEC-9D1A-3C332A18F19F}.Release|x64.Build.0 = Release|Any CPU
		{B941520C-1A6B-4EEC-9D1A-3C332A18F19F}.Release|x86.ActiveCfg = Release|Any CPU
		{B941520C-1A6B-4EEC-9D1A-3C332A18F19F}.Release|x86.Build.0 = Release|Any CPU
	EndGlobalSection
	GlobalSection(SolutionProperties) = preSolution
		HideSolutionNode = FALSE
	EndGlobalSection
	GlobalSection(NestedProjects) = preSolution
		{FD925697-53B2-4616-ABDF-CF462420F630} = {827E0CD3-B72D-47B6-A68D-7590B98EB39B}
		{B941520C-1A6B-4EEC-9D1A-3C332A18F19F} = {827E0CD3-B72D-47B6-A68D-7590B98EB39B}
	EndGlobalSection
EndGlobal
